
Microsoft Visual Studio Solution File, Format Version 12.00
# Visual Studio Version 17
VisualStudioVersion = 17.8.34309.116
MinimumVisualStudioVersion = 10.0.40219.1
Project("{FAE04EC0-301F-11D3-BF4B-00C04F79EFBC}") = "ImageUploader", "ImageUploader\ImageUploader.csproj", "{F204D87A-29FC-46AC-9289-CE30923BACD1}"
EndProject
Global
	GlobalSection(SolutionConfigurationPlatforms) = preSolution
		Debug|Any CPU = Debug|Any CPU
		Release|Any CPU = Release|Any CPU
	EndGlobalSection
	GlobalSection(ProjectConfigurationPlatforms) = postSolution
		{F204D87A-29FC-46AC-9289-CE30923BACD1}.Debug|Any CPU.ActiveCfg = Debug|Any CPU
		{F204D87A-29FC-46AC-9289-CE30923BACD1}.Debug|Any CPU.Build.0 = Debug|Any CPU
		{F204D87A-29FC-46AC-9289-CE30923BACD1}.Release|Any CPU.ActiveCfg = Release|Any CPU
		{F204D87A-29FC-46AC-9289-CE30923BACD1}.Release|Any CPU.Build.0 = Release|Any CPU
	EndGlobalSection
	GlobalSection(SolutionProperties) = preSolution
		HideSolutionNode = FALSE
	EndGlobalSection
	GlobalSection(ExtensibilityGlobals) = postSolution
		SolutionGuid = {0637F931-086F-4A79-8EB9-4A1E47F6D0E8}
	EndGlobalSection
EndGlobal
